schema: '2.0'
stages:
  ingest:
    cmd: python -m src.catops.data.ingest
    deps:
    - path: src/catops/data/ingest.py
      hash: md5
      md5: 3054b58113b651cc4a996625bddaecff
      size: 2128
    outs:
    - path: data/processed/cat
      hash: md5
      md5: 28ead14a2eb4039d266595c512b6fd14.dir
      size: 217742936
      nfiles: 2400
    - path: data/processed/not_cat
      hash: md5
      md5: 1ba55f3db3c32d08d63c39452a18f86c.dir
      size: 900490343
      nfiles: 6990
  validate:
    cmd: python src/catops/data/validate.py
    deps:
    - path: data/processed/cat
      hash: md5
      md5: 28ead14a2eb4039d266595c512b6fd14.dir
      size: 217742936
      nfiles: 2400
    - path: data/processed/not_cat
      hash: md5
      md5: 1ba55f3db3c32d08d63c39452a18f86c.dir
      size: 900490343
      nfiles: 6990
    - path: src/catops/data/validate.py
      hash: md5
      md5: 6760b5df46c608dd004e4793a4ae9d8a
      size: 4396
    outs:
    - path: data/processed/metadata.csv
      hash: md5
      md5: 37779b612a2e5c3aefd69ce7b1f97fa6
      size: 401269
  features:
    cmd: python -m src.catops.features.build_features
    deps:
    - path: configs/data.yaml
      hash: md5
      md5: 94dbeaa4e7515fc1ab541266a5aba400
      size: 191
    - path: data/processed/metadata.csv
      hash: md5
      md5: 37779b612a2e5c3aefd69ce7b1f97fa6
      size: 401269
    - path: src/catops/features/build_features.py
      hash: md5
      md5: 7a46f6372af0e9f855769c1b5555e1c6
      size: 2722
    outs:
    - path: data/processed/features_config.json
      hash: md5
      md5: e1637c7d7e8f86855820136e727f34a5
      size: 285
    - path: data/processed/test.csv
      hash: md5
      md5: c469bbbf04bd3a8ac7eb66dc13c5645f
      size: 50831
    - path: data/processed/train.csv
      hash: md5
      md5: 018a0d55e3c340e1d15cf44b4f321c18
      size: 237327
    - path: data/processed/val.csv
      hash: md5
      md5: fc7d6b381b2cde68a36f1b08b4a0669c
      size: 51170
  train:
    cmd: python -m src.catops.training.train
    deps:
    - path: configs/config.yaml
      hash: md5
      md5: 1cfaf240e4739a285f44687d300081fd
      size: 162
    - path: configs/model.yaml
      hash: md5
      md5: 4288c8ff6f31a3bf78beb9fd010d28a1
      size: 104
    - path: configs/training.yaml
      hash: md5
      md5: 60c73a05090974edce1640bc653aab31
      size: 246
    - path: data/processed/features_config.json
      hash: md5
      md5: e1637c7d7e8f86855820136e727f34a5
      size: 285
    - path: src/catops/training/train.py
      hash: md5
      md5: a164ec63b06a1ec617fbc38106a70960
      size: 6442
    outs:
    - path: models/best_model.pt
      hash: md5
      md5: 7c1735890a1f58edaf0f2063f7d6cbf9
      size: 94363089
    - path: models/model_config.json
      hash: md5
      md5: a7c47b3949ae2505c4236c57898281fe
      size: 34
  evaluate:
    cmd: python -m src.catops.evaluation.evaluate
    deps:
    - path: configs/config.yaml
      hash: md5
      md5: 1cfaf240e4739a285f44687d300081fd
      size: 162
    - path: configs/model.yaml
      hash: md5
      md5: 4288c8ff6f31a3bf78beb9fd010d28a1
      size: 104
    - path: configs/training.yaml
      hash: md5
      md5: 60c73a05090974edce1640bc653aab31
      size: 246
    - path: data/processed/features_config.json
      hash: md5
      md5: e1637c7d7e8f86855820136e727f34a5
      size: 285
    - path: data/processed/test.csv
      hash: md5
      md5: c469bbbf04bd3a8ac7eb66dc13c5645f
      size: 50831
    - path: models/best_model.pt
      hash: md5
      md5: 7c1735890a1f58edaf0f2063f7d6cbf9
      size: 94363089
    - path: models/model_config.json
      hash: md5
      md5: a7c47b3949ae2505c4236c57898281fe
      size: 34
    - path: src/catops/evaluation/evaluate.py
      hash: md5
      md5: 8217b388e23c1b46a577eb5848647764
      size: 5730
    outs:
    - path: artifacts/confusion_matrix_test.png
      hash: md5
      md5: a0ab88fb7b8a1bcf75f879a62f881efa
      size: 17967
    - path: artifacts/roc_curve_test.png
      hash: md5
      md5: 5968f0fa2a0d3a0b2aa6ad6bf113dd7d
      size: 29286
