schema: '2.0'
stages:
  ingest:
    cmd: python -m src.catops.data.ingest
    deps:
    - path: src/catops/data/ingest.py
      hash: md5
      md5: 81f3e8c8389e9d9cf763c215dec1068b
      size: 2086
    outs:
    - path: data/processed/cat
      hash: md5
      md5: 28ead14a2eb4039d266595c512b6fd14.dir
      size: 217742936
      nfiles: 2400
    - path: data/processed/not_cat
      hash: md5
      md5: 6320da84e59a8019c7720d3ecdeec222.dir
      size: 574840860
      nfiles: 4990
  validate:
    cmd: python src/catops/data/validate.py
    deps:
    - path: data/processed/cat
      hash: md5
      md5: 28ead14a2eb4039d266595c512b6fd14.dir
      size: 217742936
      nfiles: 2400
    - path: data/processed/not_cat
      hash: md5
      md5: 6320da84e59a8019c7720d3ecdeec222.dir
      size: 574840860
      nfiles: 4990
    - path: src/catops/data/validate.py
      hash: md5
      md5: 6f988ffa0848028ff6ef59e8fcfffc7e
      size: 2965
    outs:
    - path: data/processed/metadata.csv
      hash: md5
      md5: 07d161d82c76328fd23cf5e5fbada57a
      size: 296163
